// !$*UTF8*$!
{
	archiveVersion = 1;
	classes = {
	};
	objectVersion = 48;
	objects = {

/* Begin PBXBuildFile section */
		ECDCC613234AFF4200E76516 /* AppDelegate.swift in Sources */ = {isa = PBXBuildFile; fileRef = ECDCC612234AFF4200E76516 /* AppDelegate.swift */; };
		ECDCC615234AFF4200E76516 /* ViewController.swift in Sources */ = {isa = PBXBuildFile; fileRef = ECDCC614234AFF4200E76516 /* ViewController.swift */; };
		ECDCC618234AFF4200E76516 /* Main.storyboard in Resources */ = {isa = PBXBuildFile; fileRef = ECDCC616234AFF4200E76516 /* Main.storyboard */; };
		ECDCC61A234AFF4200E76516 /* Assets.xcassets in Resources */ = {isa = PBXBuildFile; fileRef = ECDCC619234AFF4200E76516 /* Assets.xcassets */; };
		ECDCC61D234AFF4200E76516 /* LaunchScreen.storyboard in Resources */ = {isa = PBXBuildFile; fileRef = ECDCC61B234AFF4200E76516 /* LaunchScreen.storyboard */; };
		ECDCC625234B014500E76516 /* ListTVC.swift in Sources */ = {isa = PBXBuildFile; fileRef = ECDCC624234B014500E76516 /* ListTVC.swift */; };
		ECDCC627234B0F1500E76516 /* ViewController2.swift in Sources */ = {isa = PBXBuildFile; fileRef = ECDCC626234B0F1500E76516 /* ViewController2.swift */; };
/* End PBXBuildFile section */

/* Begin PBXFileReference section */
		ECDCC60F234AFF4200E76516 /* Pass Data Back Selected row.app */ = {isa = PBXFileReference; explicitFileType = wrapper.application; includeInIndex = 0; path = "Pass Data Back Selected row.app"; sourceTree = BUILT_PRODUCTS_DIR; };
		ECDCC612234AFF4200E76516 /* AppDelegate.swift */ = {isa = PBXFileReference; lastKnownFileType = sourcecode.swift; path = AppDelegate.swift; sourceTree = "<group>"; };
		ECDCC614234AFF4200E76516 /* ViewController.swift */ = {isa = PBXFileReference; lastKnownFileType = sourcecode.swift; path = ViewController.swift; sourceTree = "<group>"; };
		ECDCC617234AFF4200E76516 /* Base */ = {isa = PBXFileReference; lastKnownFileType = file.storyboard; name = Base; path = Base.lproj/Main.storyboard; sourceTree = "<group>"; };
		ECDCC619234AFF4200E76516 /* Assets.xcassets */ = {isa = PBXFileReference; lastKnownFileType = folder.assetcatalog; path = Assets.xcassets; sourceTree = "<group>"; };
		ECDCC61C234AFF4200E76516 /* Base */ = {isa = PBXFileReference; lastKnownFileType = file.storyboard; name = Base; path = Base.lproj/LaunchScreen.storyboard; sourceTree = "<group>"; };
		ECDCC61E234AFF4200E76516 /* Info.plist */ = {isa = PBXFileReference; lastKnownFileType = text.plist.xml; path = Info.plist; sourceTree = "<group>"; };
		ECDCC624234B014500E76516 /* ListTVC.swift */ = {isa = PBXFileReference; lastKnownFileType = sourcecode.swift; path = ListTVC.swift; sourceTree = "<group>"; };
		ECDCC626234B0F1500E76516 /* ViewController2.swift */ = {isa = PBXFileReference; lastKnownFileType = sourcecode.swift; path = ViewController2.swift; sourceTree = "<group>"; };
/* End PBXFileReference section */

/* Begin PBXFrameworksBuildPhase section */
		ECDCC60C234AFF4200E76516 /* Frameworks */ = {
			isa = PBXFrameworksBuildPhase;
			buildActionMask = 2147483647;
			files = (
			);
			runOnlyForDeploymentPostprocessing = 0;
		};
/* End PBXFrameworksBuildPhase section */

/* Begin PBXGroup section */
		ECDCC606234AFF4200E76516 = {
			isa = PBXGroup;
			children = (
				ECDCC611234AFF4200E76516 /* Pass Data Back Selected row */,
				ECDCC610234AFF4200E76516 /* Products */,
			);
			sourceTree = "<group>";
		};
		ECDCC610234AFF4200E76516 /* Products */ = {
			isa = PBXGroup;
			children = (
				ECDCC60F234AFF4200E76516 /* Pass Data Back Selected row.app */,
			);
			name = Products;
			sourceTree = "<group>";
		};
		ECDCC611234AFF4200E76516 /* Pass Data Back Selected row */ = {
			isa = PBXGroup;
			children = (
				ECDCC612234AFF4200E76516 /* AppDelegate.swift */,
				ECDCC614234AFF4200E76516 /* ViewController.swift */,
				ECDCC616234AFF4200E76516 /* Main.storyboard */,
				ECDCC626234B0F1500E76516 /* ViewController2.swift */,
				ECDCC624234B014500E76516 /* ListTVC.swift */,
				ECDCC619234AFF4200E76516 /* Assets.xcassets */,
				ECDCC61B234AFF4200E76516 /* LaunchScreen.storyboard */,
				ECDCC61E234AFF4200E76516 /* Info.plist */,
			);
			path = "Pass Data Back Selected row";
			sourceTree = "<group>";
		};
/* End PBXGroup section */

/* Begin PBXNativeTarget section */
		ECDCC60E234AFF4200E76516 /* Pass Data Back Selected row */ = {
			isa = PBXNativeTarget;
			buildConfigurationList = ECDCC621234AFF4200E76516 /* Build configuration list for PBXNativeTarget "Pass Data Back Selected row" */;
			buildPhases = (
				ECDCC60B234AFF4200E76516 /* Sources */,
				ECDCC60C234AFF4200E76516 /* Frameworks */,
				ECDCC60D234AFF4200E76516 /* Resources */,
			);
			buildRules = (
			);
			dependencies = (
			);
			name = "Pass Data Back Selected row";
			productName = "Pass Data Back Selected row";
			productReference = ECDCC60F234AFF4200E76516 /* Pass Data Back Selected row.app */;
			productType = "com.apple.product-type.application";
		};
/* End PBXNativeTarget section */

/* Begin PBXProject section */
		ECDCC607234AFF4200E76516 /* Project object */ = {
			isa = PBXProject;
			attributes = {
				LastSwiftUpdateCheck = 0920;
				LastUpgradeCheck = 0920;
				ORGANIZATIONNAME = trainee;
				TargetAttributes = {
					ECDCC60E234AFF4200E76516 = {
						CreatedOnToolsVersion = 9.2;
						ProvisioningStyle = Automatic;
					};
				};
			};
			buildConfigurationList = ECDCC60A234AFF4200E76516 /* Build configuration list for PBXProject "Pass Data Back Selected row" */;
			compatibilityVersion = "Xcode 8.0";
			developmentRegion = en;
			hasScannedForEncodings = 0;
			knownRegions = (
				en,
				Base,
			);
			mainGroup = ECDCC606234AFF4200E76516;
			productRefGroup = ECDCC610234AFF4200E76516 /* Products */;
			projectDirPath = "";
			projectRoot = "";
			targets = (
				ECDCC60E234AFF4200E76516 /* Pass Data Back Selected row */,
			);
		};
/* End PBXProject section */

/* Begin PBXResourcesBuildPhase section */
		ECDCC60D234AFF4200E76516 /* Resources */ = {
			isa = PBXResourcesBuildPhase;
			buildActionMask = 2147483647;
			files = (
				ECDCC61D234AFF4200E76516 /* LaunchScreen.storyboard in Resources */,
				ECDCC61A234AFF4200E76516 /* Assets.xcassets in Resources */,
				ECDCC618234AFF4200E76516 /* Main.storyboard in Resources */,
			);
			runOnlyForDeploymentPostprocessing = 0;
		};
/* End PBXResourcesBuildPhase section */

/* Begin PBXSourcesBuildPhase section */
		ECDCC60B234AFF4200E76516 /* Sources */ = {
			isa = PBXSourcesBuildPhase;
			buildActionMask = 2147483647;
			files = (
				ECDCC625234B014500E76516 /* ListTVC.swift in Sources */,
				ECDCC627234B0F1500E76516 /* ViewController2.swift in Sources */,
				ECDCC615234AFF4200E76516 /* ViewController.swift in Sources */,
				ECDCC613234AFF4200E76516 /* AppDelegate.swift in Sources */,
			);
			runOnlyForDeploymentPostprocessing = 0;
		};
/* End PBXSourcesBuildPhase section */

/* Begin PBXVariantGroup section */
		ECDCC616234AFF4200E76516 /* Main.storyboard */ = {
			isa = PBXVariantGroup;
			children = (
				ECDCC617234AFF4200E76516 /* Base */,
			);
			name = Main.storyboard;
			sourceTree = "<group>";
		};
		ECDCC61B234AFF4200E76516 /* LaunchScreen.storyboard */ = {
			isa = PBXVariantGroup;
			children = (
				ECDCC61C234AFF4200E76516 /* Base */,
			);
			name = LaunchScreen.storyboard;
			sourceTree = "<group>";
		};
/* End PBXVariantGroup section */

/* Begin XCBuildConfiguration section */
		ECDCC61F234AFF4200E76516 /* Debug */ = {
			isa = XCBuildConfiguration;
			buildSettings = {
				ALWAYS_SEARCH_USER_PATHS = NO;
				CLANG_ANALYZER_NONNULL = YES;
				CLANG_ANALYZER_NUMBER_OBJECT_CONVERSION = YES_AGGRESSIVE;
				CLANG_CXX_LANGUAGE_STANDARD = "gnu++14";
				CLANG_CXX_LIBRARY = "libc++";
				CLANG_ENABLE_MODULES = YES;
				CLANG_ENABLE_OBJC_ARC = YES;
				CLANG_WARN_BLOCK_CAPTURE_AUTORELEASING = YES;
				CLANG_WARN_BOOL_CONVERSION = YES;
				CLANG_WARN_COMMA = YES;
				CLANG_WARN_CONSTANT_CONVERSION = YES;
				CLANG_WARN_DIRECT_OBJC_ISA_USAGE = YES_ERROR;
				CLANG_WARN_DOCUMENTATION_COMMENTS = YES;
				CLANG_WARN_EMPTY_BODY = YES;
				CLANG_WARN_ENUM_CONVERSION = YES;
				CLANG_WARN_INFINITE_RECURSION = YES;
				CLANG_WARN_INT_CONVERSION = YES;
				CLANG_WARN_NON_LITERAL_NULL_CONVERSION = YES;
				CLANG_WARN_OBJC_LITERAL_CONVERSION = YES;
				CLANG_WARN_OBJC_ROOT_CLASS = YES_ERROR;
				CLANG_WARN_RANGE_LOOP_ANALYSIS = YES;
				CLANG_WARN_STRICT_PROTOTYPES = YES;
				CLANG_WARN_SUSPICIOUS_MOVE = YES;
				CLANG_WARN_UNGUARDED_AVAILABILITY = YES_AGGRESSIVE;
				CLANG_WARN_UNREACHABLE_CODE = YES;
				CLANG_WARN__DUPLICATE_METHOD_MATCH = YES;
				CODE_SIGN_IDENTITY = "iPhone Developer";
				COPY_PHASE_STRIP = NO;
				DEBUG_INFORMATION_FORMAT = dwarf;
				ENABLE_STRICT_OBJC_MSGSEND = YES;
				ENABLE_TESTABILITY = YES;
				GCC_C_LANGUAGE_STANDARD = gnu11;
				GCC_DYNAMIC_NO_PIC = NO;
				GCC_NO_COMMON_BLOCKS = YES;
				GCC_OPTIMIZATION_LEVEL = 0;
				GCC_PREPROCESSOR_DEFINITIONS = (
					"DEBUG=1",
					"$(inherited)",
				);
				GCC_WARN_64_TO_32_BIT_CONVERSION = YES;
				GCC_WARN_ABOUT_RETURN_TYPE = YES_ERROR;
				GCC_WARN_UNDECLARED_SELECTOR = YES;
				GCC_WARN_UNINITIALIZED_AUTOS = YES_AGGRESSIVE;
				GCC_WARN_UNUSED_FUNCTION = YES;
				GCC_WARN_UNUSED_VARIABLE = YES;
				IPHONEOS_DEPLOYMENT_TARGET = 11.2;
				MTL_ENABLE_DEBUG_INFO = YES;
				ONLY_ACTIVE_ARCH = YES;
				SDKROOT = iphoneos;
				SWIFT_ACTIVE_COMPILATION_CONDITIONS = DEBUG;
				SWIFT_OPTIMIZATION_LEVEL = "-Onone";
			};
			name = Debug;
		};
		ECDCC620234AFF4200E76516 /* Release */ = {
			isa = XCBuildConfiguration;
			buildSettings = {
				ALWAYS_SEARCH_USER_PATHS = NO;
				CLANG_ANALYZER_NONNULL = YES;
				CLANG_ANALYZER_NUMBER_OBJECT_CONVERSION = YES_AGGRESSIVE;
				CLANG_CXX_LANGUAGE_STANDARD = "gnu++14";
				CLANG_CXX_LIBRARY = "libc++";
				CLANG_ENABLE_MODULES = YES;
				CLANG_ENABLE_OBJC_ARC = YES;
				CLANG_WARN_BLOCK_CAPTURE_AUTORELEASING = YES;
				CLANG_WARN_BOOL_CONVERSION = YES;
				CLANG_WARN_COMMA = YES;
				CLANG_WARN_CONSTANT_CONVERSION = YES;
				CLANG_WARN_DIRECT_OBJC_ISA_USAGE = YES_ERROR;
				CLANG_WARN_DOCUMENTATION_COMMENTS = YES;
				CLANG_WARN_EMPTY_BODY = YES;
				CLANG_WARN_ENUM_CONVERSION = YES;
				CLANG_WARN_INFINITE_RECURSION = YES;
				CLANG_WARN_INT_CONVERSION = YES;
				CLANG_WARN_NON_LITERAL_NULL_CONVERSION = YES;
				CLANG_WARN_OBJC_LITERAL_CONVERSION = YES;
				CLANG_WARN_OBJC_ROOT_CLASS = YES_ERROR;
				CLANG_WARN_RANGE_LOOP_ANALYSIS = YES;
				CLANG_WARN_STRICT_PROTOTYPES = YES;
				CLANG_WARN_SUSPICIOUS_MOVE = YES;
				CLANG_WARN_UNGUARDED_AVAILABILITY = YES_AGGRESSIVE;
				CLANG_WARN_UNREACHABLE_CODE = YES;
				CLANG_WARN__DUPLICATE_METHOD_MATCH = YES;
				CODE_SIGN_IDENTITY = "iPhone Developer";
				COPY_PHASE_STRIP = NO;
				DEBUG_INFORMATION_FORMAT = "dwarf-with-dsym";
				ENABLE_NS_ASSERTIONS = NO;
				ENABLE_STRICT_OBJC_MSGSEND = YES;
				GCC_C_LANGUAGE_STANDARD = gnu11;
				GCC_NO_COMMON_BLOCKS = YES;
				GCC_WARN_64_TO_32_BIT_CONVERSION = YES;
				GCC_WARN_ABOUT_RETURN_TYPE = YES_ERROR;
				GCC_WARN_UNDECLARED_SELECTOR = YES;
				GCC_WARN_UNINITIALIZED_AUTOS = YES_AGGRESSIVE;
				GCC_WARN_UNUSED_FUNCTION = YES;
				GCC_WARN_UNUSED_VARIABLE = YES;
				IPHONEOS_DEPLOYMENT_TARGET = 11.2;
				MTL_ENABLE_DEBUG_INFO = NO;
				SDKROOT = iphoneos;
				SWIFT_OPTIMIZATION_LEVEL = "-Owholemodule";
				VALIDATE_PRODUCT = YES;
			};
			name = Release;
		};
		ECDCC622234AFF4200E76516 /* Debug */ = {
			isa = XCBuildConfiguration;
			buildSettings = {
				ASSETCATALOG_COMPILER_APPICON_NAME = AppIcon;
				CODE_SIGN_STYLE = Automatic;
				INFOPLIST_FILE = "Pass Data Back Selected row/Info.plist";
				LD_RUNPATH_SEARCH_PATHS = "$(inherited) @executable_path/Frameworks";
				PRODUCT_BUNDLE_IDENTIFIER = "toxsl.Pass-Data-Back-Selected-row";
				PRODUCT_NAME = "$(TARGET_NAME)";
				SWIFT_VERSION = 4.0;
				TARGETED_DEVICE_FAMILY = "1,2";
			};
			name = Debug;
		};
		ECDCC623234AFF4200E76516 /* Release */ = {
			isa = XCBuildConfiguration;
			buildSettings = {
				ASSETCATALOG_COMPILER_APPICON_NAME = AppIcon;
				CODE_SIGN_STYLE = Automatic;
				INFOPLIST_FILE = "Pass Data Back Selected row/Info.plist";
				LD_RUNPATH_SEARCH_PATHS = "$(inherited) @executable_path/Frameworks";
				PRODUCT_BUNDLE_IDENTIFIER = "toxsl.Pass-Data-Back-Selected-row";
				PRODUCT_NAME = "$(TARGET_NAME)";
				SWIFT_VERSION = 4.0;
				TARGETED_DEVICE_FAMILY = "1,2";
			};
			name = Release;
		};
/* End XCBuildConfiguration section */

/* Begin XCConfigurationList section */
		ECDCC60A234AFF4200E76516 /* Build configuration list for PBXProject "Pass Data Back Selected row" */ = {
			isa = XCConfigurationList;
			buildConfigurations = (
				ECDCC61F234AFF4200E76516 /* Debug */,
				ECDCC620234AFF4200E76516 /* Release */,
			);
			defaultConfigurationIsVisible = 0;
			defaultConfigurationName = Release;
		};
		ECDCC621234AFF4200E76516 /* Build configuration list for PBXNativeTarget "Pass Data Back Selected row" */ = {
			isa = XCConfigurationList;
			buildConfigurations = (
				ECDCC622234AFF4200E76516 /* Debug */,
				ECDCC623234AFF4200E76516 /* Release */,
			);
			defaultConfigurationIsVisible = 0;
			defaultConfigurationName = Release;
		};
/* End XCConfigurationList section */
	};
	rootObject = ECDCC607234AFF4200E76516 /* Project object */;
}
