// !$*UTF8*$!
{
	archiveVersion = 1;
	classes = {
	};
	objectVersion = 50;
	objects = {

/* Begin PBXBuildFile section */
		86137807233CC594005C9F0E /* Viewforheader.swift in Sources */ = {isa = PBXBuildFile; fileRef = 86137806233CC594005C9F0E /* Viewforheader.swift */; };
		86137809233CCF59005C9F0E /* Cell.swift in Sources */ = {isa = PBXBuildFile; fileRef = 86137808233CCF59005C9F0E /* Cell.swift */; };
		8613780B233CEB8A005C9F0E /* HeaderandFooter.swift in Sources */ = {isa = PBXBuildFile; fileRef = 8613780A233CEB8A005C9F0E /* HeaderandFooter.swift */; };
		8613780D233CEBA3005C9F0E /* HandFCell.swift in Sources */ = {isa = PBXBuildFile; fileRef = 8613780C233CEBA3005C9F0E /* HandFCell.swift */; };
		86175DDC23423FE40088B146 /* ViewControllerPr1.swift in Sources */ = {isa = PBXBuildFile; fileRef = 86175DDB23423FE40088B146 /* ViewControllerPr1.swift */; };
		86175DDE23423FFB0088B146 /* TableViewCellpr1.swift in Sources */ = {isa = PBXBuildFile; fileRef = 86175DDD23423FFB0088B146 /* TableViewCellpr1.swift */; };
		868868D2233DDF270079085B /* ViewforHandF.swift in Sources */ = {isa = PBXBuildFile; fileRef = 868868D1233DDF270079085B /* ViewforHandF.swift */; };
		868868D4233DDFA40079085B /* HeaderFooterCell.swift in Sources */ = {isa = PBXBuildFile; fileRef = 868868D3233DDFA40079085B /* HeaderFooterCell.swift */; };
		86F1E508233C73F400C6F7A8 /* AppDelegate.swift in Sources */ = {isa = PBXBuildFile; fileRef = 86F1E507233C73F400C6F7A8 /* AppDelegate.swift */; };
		86F1E50D233C73F400C6F7A8 /* Main.storyboard in Resources */ = {isa = PBXBuildFile; fileRef = 86F1E50B233C73F400C6F7A8 /* Main.storyboard */; };
		86F1E50F233C73F700C6F7A8 /* Assets.xcassets in Resources */ = {isa = PBXBuildFile; fileRef = 86F1E50E233C73F700C6F7A8 /* Assets.xcassets */; };
		86F1E512233C73F700C6F7A8 /* LaunchScreen.storyboard in Resources */ = {isa = PBXBuildFile; fileRef = 86F1E510233C73F700C6F7A8 /* LaunchScreen.storyboard */; };
		86F1E51A233C74E500C6F7A8 /* ViewController.swift in Sources */ = {isa = PBXBuildFile; fileRef = 86F1E519233C74E500C6F7A8 /* ViewController.swift */; };
		86F1E51C233C74F600C6F7A8 /* TableViewCell.swift in Sources */ = {isa = PBXBuildFile; fileRef = 86F1E51B233C74F600C6F7A8 /* TableViewCell.swift */; };
/* End PBXBuildFile section */

/* Begin PBXFileReference section */
		86137806233CC594005C9F0E /* Viewforheader.swift */ = {isa = PBXFileReference; lastKnownFileType = sourcecode.swift; path = Viewforheader.swift; sourceTree = "<group>"; };
		86137808233CCF59005C9F0E /* Cell.swift */ = {isa = PBXFileReference; lastKnownFileType = sourcecode.swift; path = Cell.swift; sourceTree = "<group>"; };
		8613780A233CEB8A005C9F0E /* HeaderandFooter.swift */ = {isa = PBXFileReference; lastKnownFileType = sourcecode.swift; path = HeaderandFooter.swift; sourceTree = "<group>"; };
		8613780C233CEBA3005C9F0E /* HandFCell.swift */ = {isa = PBXFileReference; lastKnownFileType = sourcecode.swift; path = HandFCell.swift; sourceTree = "<group>"; };
		86175DDB23423FE40088B146 /* ViewControllerPr1.swift */ = {isa = PBXFileReference; lastKnownFileType = sourcecode.swift; path = ViewControllerPr1.swift; sourceTree = "<group>"; };
		86175DDD23423FFB0088B146 /* TableViewCellpr1.swift */ = {isa = PBXFileReference; lastKnownFileType = sourcecode.swift; path = TableViewCellpr1.swift; sourceTree = "<group>"; };
		868868D1233DDF270079085B /* ViewforHandF.swift */ = {isa = PBXFileReference; lastKnownFileType = sourcecode.swift; path = ViewforHandF.swift; sourceTree = "<group>"; };
		868868D3233DDFA40079085B /* HeaderFooterCell.swift */ = {isa = PBXFileReference; lastKnownFileType = sourcecode.swift; path = HeaderFooterCell.swift; sourceTree = "<group>"; };
		86F1E504233C73F400C6F7A8 /* TableViewH&F.app */ = {isa = PBXFileReference; explicitFileType = wrapper.application; includeInIndex = 0; path = "TableViewH&F.app"; sourceTree = BUILT_PRODUCTS_DIR; };
		86F1E507233C73F400C6F7A8 /* AppDelegate.swift */ = {isa = PBXFileReference; lastKnownFileType = sourcecode.swift; path = AppDelegate.swift; sourceTree = "<group>"; };
		86F1E50C233C73F400C6F7A8 /* Base */ = {isa = PBXFileReference; lastKnownFileType = file.storyboard; name = Base; path = Base.lproj/Main.storyboard; sourceTree = "<group>"; };
		86F1E50E233C73F700C6F7A8 /* Assets.xcassets */ = {isa = PBXFileReference; lastKnownFileType = folder.assetcatalog; path = Assets.xcassets; sourceTree = "<group>"; };
		86F1E511233C73F700C6F7A8 /* Base */ = {isa = PBXFileReference; lastKnownFileType = file.storyboard; name = Base; path = Base.lproj/LaunchScreen.storyboard; sourceTree = "<group>"; };
		86F1E513233C73F700C6F7A8 /* Info.plist */ = {isa = PBXFileReference; lastKnownFileType = text.plist.xml; path = Info.plist; sourceTree = "<group>"; };
		86F1E519233C74E500C6F7A8 /* ViewController.swift */ = {isa = PBXFileReference; lastKnownFileType = sourcecode.swift; path = ViewController.swift; sourceTree = "<group>"; };
		86F1E51B233C74F600C6F7A8 /* TableViewCell.swift */ = {isa = PBXFileReference; lastKnownFileType = sourcecode.swift; path = TableViewCell.swift; sourceTree = "<group>"; };
/* End PBXFileReference section */

/* Begin PBXFrameworksBuildPhase section */
		86F1E501233C73F400C6F7A8 /* Frameworks */ = {
			isa = PBXFrameworksBuildPhase;
			buildActionMask = 2147483647;
			files = (
			);
			runOnlyForDeploymentPostprocessing = 0;
		};
/* End PBXFrameworksBuildPhase section */

/* Begin PBXGroup section */
		86F1E4FB233C73F400C6F7A8 = {
			isa = PBXGroup;
			children = (
				86F1E506233C73F400C6F7A8 /* TableViewH&F */,
				86F1E505233C73F400C6F7A8 /* Products */,
			);
			sourceTree = "<group>";
		};
		86F1E505233C73F400C6F7A8 /* Products */ = {
			isa = PBXGroup;
			children = (
				86F1E504233C73F400C6F7A8 /* TableViewH&F.app */,
			);
			name = Products;
			sourceTree = "<group>";
		};
		86F1E506233C73F400C6F7A8 /* TableViewH&F */ = {
			isa = PBXGroup;
			children = (
				86F1E507233C73F400C6F7A8 /* AppDelegate.swift */,
				86F1E50B233C73F400C6F7A8 /* Main.storyboard */,
				86175DDD23423FFB0088B146 /* TableViewCellpr1.swift */,
				86175DDB23423FE40088B146 /* ViewControllerPr1.swift */,
				868868D3233DDFA40079085B /* HeaderFooterCell.swift */,
				868868D1233DDF270079085B /* ViewforHandF.swift */,
				8613780C233CEBA3005C9F0E /* HandFCell.swift */,
				8613780A233CEB8A005C9F0E /* HeaderandFooter.swift */,
				86137806233CC594005C9F0E /* Viewforheader.swift */,
				86137808233CCF59005C9F0E /* Cell.swift */,
				86F1E51B233C74F600C6F7A8 /* TableViewCell.swift */,
				86F1E519233C74E500C6F7A8 /* ViewController.swift */,
				86F1E50E233C73F700C6F7A8 /* Assets.xcassets */,
				86F1E510233C73F700C6F7A8 /* LaunchScreen.storyboard */,
				86F1E513233C73F700C6F7A8 /* Info.plist */,
			);
			path = "TableViewH&F";
			sourceTree = "<group>";
		};
/* End PBXGroup section */

/* Begin PBXNativeTarget section */
		86F1E503233C73F400C6F7A8 /* TableViewH&F */ = {
			isa = PBXNativeTarget;
			buildConfigurationList = 86F1E516233C73F700C6F7A8 /* Build configuration list for PBXNativeTarget "TableViewH&F" */;
			buildPhases = (
				86F1E500233C73F400C6F7A8 /* Sources */,
				86F1E501233C73F400C6F7A8 /* Frameworks */,
				86F1E502233C73F400C6F7A8 /* Resources */,
			);
			buildRules = (
			);
			dependencies = (
			);
			name = "TableViewH&F";
			productName = "TableViewH&F";
			productReference = 86F1E504233C73F400C6F7A8 /* TableViewH&F.app */;
			productType = "com.apple.product-type.application";
		};
/* End PBXNativeTarget section */

/* Begin PBXProject section */
		86F1E4FC233C73F400C6F7A8 /* Project object */ = {
			isa = PBXProject;
			attributes = {
				LastSwiftUpdateCheck = 1020;
				LastUpgradeCheck = 1020;
				ORGANIZATIONNAME = Training;
				TargetAttributes = {
					86F1E503233C73F400C6F7A8 = {
						CreatedOnToolsVersion = 10.2.1;
					};
				};
			};
			buildConfigurationList = 86F1E4FF233C73F400C6F7A8 /* Build configuration list for PBXProject "TableViewH&F" */;
			compatibilityVersion = "Xcode 9.3";
			developmentRegion = en;
			hasScannedForEncodings = 0;
			knownRegions = (
				en,
				Base,
			);
			mainGroup = 86F1E4FB233C73F400C6F7A8;
			productRefGroup = 86F1E505233C73F400C6F7A8 /* Products */;
			projectDirPath = "";
			projectRoot = "";
			targets = (
				86F1E503233C73F400C6F7A8 /* TableViewH&F */,
			);
		};
/* End PBXProject section */

/* Begin PBXResourcesBuildPhase section */
		86F1E502233C73F400C6F7A8 /* Resources */ = {
			isa = PBXResourcesBuildPhase;
			buildActionMask = 2147483647;
			files = (
				86F1E512233C73F700C6F7A8 /* LaunchScreen.storyboard in Resources */,
				86F1E50F233C73F700C6F7A8 /* Assets.xcassets in Resources */,
				86F1E50D233C73F400C6F7A8 /* Main.storyboard in Resources */,
			);
			runOnlyForDeploymentPostprocessing = 0;
		};
/* End PBXResourcesBuildPhase section */

/* Begin PBXSourcesBuildPhase section */
		86F1E500233C73F400C6F7A8 /* Sources */ = {
			isa = PBXSourcesBuildPhase;
			buildActionMask = 2147483647;
			files = (
				86F1E51C233C74F600C6F7A8 /* TableViewCell.swift in Sources */,
				868868D2233DDF270079085B /* ViewforHandF.swift in Sources */,
				86175DDE23423FFB0088B146 /* TableViewCellpr1.swift in Sources */,
				86137807233CC594005C9F0E /* Viewforheader.swift in Sources */,
				86137809233CCF59005C9F0E /* Cell.swift in Sources */,
				86175DDC23423FE40088B146 /* ViewControllerPr1.swift in Sources */,
				8613780D233CEBA3005C9F0E /* HandFCell.swift in Sources */,
				86F1E51A233C74E500C6F7A8 /* ViewController.swift in Sources */,
				868868D4233DDFA40079085B /* HeaderFooterCell.swift in Sources */,
				86F1E508233C73F400C6F7A8 /* AppDelegate.swift in Sources */,
				8613780B233CEB8A005C9F0E /* HeaderandFooter.swift in Sources */,
			);
			runOnlyForDeploymentPostprocessing = 0;
		};
/* End PBXSourcesBuildPhase section */

/* Begin PBXVariantGroup section */
		86F1E50B233C73F400C6F7A8 /* Main.storyboard */ = {
			isa = PBXVariantGroup;
			children = (
				86F1E50C233C73F400C6F7A8 /* Base */,
			);
			name = Main.storyboard;
			sourceTree = "<group>";
		};
		86F1E510233C73F700C6F7A8 /* LaunchScreen.storyboard */ = {
			isa = PBXVariantGroup;
			children = (
				86F1E511233C73F700C6F7A8 /* Base */,
			);
			name = LaunchScreen.storyboard;
			sourceTree = "<group>";
		};
/* End PBXVariantGroup section */

/* Begin XCBuildConfiguration section */
		86F1E514233C73F700C6F7A8 /* Debug */ = {
			isa = XCBuildConfiguration;
			buildSettings = {
				ALWAYS_SEARCH_USER_PATHS = NO;
				CLANG_ANALYZER_NONNULL = YES;
				CLANG_ANALYZER_NUMBER_OBJECT_CONVERSION = YES_AGGRESSIVE;
				CLANG_CXX_LANGUAGE_STANDARD = "gnu++14";
				CLANG_CXX_LIBRARY = "libc++";
				CLANG_ENABLE_MODULES = YES;
				CLANG_ENABLE_OBJC_ARC = YES;
				CLANG_ENABLE_OBJC_WEAK = YES;
				CLANG_WARN_BLOCK_CAPTURE_AUTORELEASING = YES;
				CLANG_WARN_BOOL_CONVERSION = YES;
				CLANG_WARN_COMMA = YES;
				CLANG_WARN_CONSTANT_CONVERSION = YES;
				CLANG_WARN_DEPRECATED_OBJC_IMPLEMENTATIONS = YES;
				CLANG_WARN_DIRECT_OBJC_ISA_USAGE = YES_ERROR;
				CLANG_WARN_DOCUMENTATION_COMMENTS = YES;
				CLANG_WARN_EMPTY_BODY = YES;
				CLANG_WARN_ENUM_CONVERSION = YES;
				CLANG_WARN_INFINITE_RECURSION = YES;
				CLANG_WARN_INT_CONVERSION = YES;
				CLANG_WARN_NON_LITERAL_NULL_CONVERSION = YES;
				CLANG_WARN_OBJC_IMPLICIT_RETAIN_SELF = YES;
				CLANG_WARN_OBJC_LITERAL_CONVERSION = YES;
				CLANG_WARN_OBJC_ROOT_CLASS = YES_ERROR;
				CLANG_WARN_RANGE_LOOP_ANALYSIS = YES;
				CLANG_WARN_STRICT_PROTOTYPES = YES;
				CLANG_WARN_SUSPICIOUS_MOVE = YES;
				CLANG_WARN_UNGUARDED_AVAILABILITY = YES_AGGRESSIVE;
				CLANG_WARN_UNREACHABLE_CODE = YES;
				CLANG_WARN__DUPLICATE_METHOD_MATCH = YES;
				CODE_SIGN_IDENTITY = "iPhone Developer";
				COPY_PHASE_STRIP = NO;
				DEBUG_INFORMATION_FORMAT = dwarf;
				ENABLE_STRICT_OBJC_MSGSEND = YES;
				ENABLE_TESTABILITY = YES;
				GCC_C_LANGUAGE_STANDARD = gnu11;
				GCC_DYNAMIC_NO_PIC = NO;
				GCC_NO_COMMON_BLOCKS = YES;
				GCC_OPTIMIZATION_LEVEL = 0;
				GCC_PREPROCESSOR_DEFINITIONS = (
					"DEBUG=1",
					"$(inherited)",
				);
				GCC_WARN_64_TO_32_BIT_CONVERSION = YES;
				GCC_WARN_ABOUT_RETURN_TYPE = YES_ERROR;
				GCC_WARN_UNDECLARED_SELECTOR = YES;
				GCC_WARN_UNINITIALIZED_AUTOS = YES_AGGRESSIVE;
				GCC_WARN_UNUSED_FUNCTION = YES;
				GCC_WARN_UNUSED_VARIABLE = YES;
				IPHONEOS_DEPLOYMENT_TARGET = 12.2;
				MTL_ENABLE_DEBUG_INFO = INCLUDE_SOURCE;
				MTL_FAST_MATH = YES;
				ONLY_ACTIVE_ARCH = YES;
				SDKROOT = iphoneos;
				SWIFT_ACTIVE_COMPILATION_CONDITIONS = DEBUG;
				SWIFT_OPTIMIZATION_LEVEL = "-Onone";
			};
			name = Debug;
		};
		86F1E515233C73F700C6F7A8 /* Release */ = {
			isa = XCBuildConfiguration;
			buildSettings = {
				ALWAYS_SEARCH_USER_PATHS = NO;
				CLANG_ANALYZER_NONNULL = YES;
				CLANG_ANALYZER_NUMBER_OBJECT_CONVERSION = YES_AGGRESSIVE;
				CLANG_CXX_LANGUAGE_STANDARD = "gnu++14";
				CLANG_CXX_LIBRARY = "libc++";
				CLANG_ENABLE_MODULES = YES;
				CLANG_ENABLE_OBJC_ARC = YES;
				CLANG_ENABLE_OBJC_WEAK = YES;
				CLANG_WARN_BLOCK_CAPTURE_AUTORELEASING = YES;
				CLANG_WARN_BOOL_CONVERSION = YES;
				CLANG_WARN_COMMA = YES;
				CLANG_WARN_CONSTANT_CONVERSION = YES;
				CLANG_WARN_DEPRECATED_OBJC_IMPLEMENTATIONS = YES;
				CLANG_WARN_DIRECT_OBJC_ISA_USAGE = YES_ERROR;
				CLANG_WARN_DOCUMENTATION_COMMENTS = YES;
				CLANG_WARN_EMPTY_BODY = YES;
				CLANG_WARN_ENUM_CONVERSION = YES;
				CLANG_WARN_INFINITE_RECURSION = YES;
				CLANG_WARN_INT_CONVERSION = YES;
				CLANG_WARN_NON_LITERAL_NULL_CONVERSION = YES;
				CLANG_WARN_OBJC_IMPLICIT_RETAIN_SELF = YES;
				CLANG_WARN_OBJC_LITERAL_CONVERSION = YES;
				CLANG_WARN_OBJC_ROOT_CLASS = YES_ERROR;
				CLANG_WARN_RANGE_LOOP_ANALYSIS = YES;
				CLANG_WARN_STRICT_PROTOTYPES = YES;
				CLANG_WARN_SUSPICIOUS_MOVE = YES;
				CLANG_WARN_UNGUARDED_AVAILABILITY = YES_AGGRESSIVE;
				CLANG_WARN_UNREACHABLE_CODE = YES;
				CLANG_WARN__DUPLICATE_METHOD_MATCH = YES;
				CODE_SIGN_IDENTITY = "iPhone Developer";
				COPY_PHASE_STRIP = NO;
				DEBUG_INFORMATION_FORMAT = "dwarf-with-dsym";
				ENABLE_NS_ASSERTIONS = NO;
				ENABLE_STRICT_OBJC_MSGSEND = YES;
				GCC_C_LANGUAGE_STANDARD = gnu11;
				GCC_NO_COMMON_BLOCKS = YES;
				GCC_WARN_64_TO_32_BIT_CONVERSION = YES;
				GCC_WARN_ABOUT_RETURN_TYPE = YES_ERROR;
				GCC_WARN_UNDECLARED_SELECTOR = YES;
				GCC_WARN_UNINITIALIZED_AUTOS = YES_AGGRESSIVE;
				GCC_WARN_UNUSED_FUNCTION = YES;
				GCC_WARN_UNUSED_VARIABLE = YES;
				IPHONEOS_DEPLOYMENT_TARGET = 12.2;
				MTL_ENABLE_DEBUG_INFO = NO;
				MTL_FAST_MATH = YES;
				SDKROOT = iphoneos;
				SWIFT_COMPILATION_MODE = wholemodule;
				SWIFT_OPTIMIZATION_LEVEL = "-O";
				VALIDATE_PRODUCT = YES;
			};
			name = Release;
		};
		86F1E517233C73F700C6F7A8 /* Debug */ = {
			isa = XCBuildConfiguration;
			buildSettings = {
				ASSETCATALOG_COMPILER_APPICON_NAME = AppIcon;
				CODE_SIGN_STYLE = Automatic;
				INFOPLIST_FILE = "TableViewH&F/Info.plist";
				LD_RUNPATH_SEARCH_PATHS = (
					"$(inherited)",
					"@executable_path/Frameworks",
				);
				PRODUCT_BUNDLE_IDENTIFIER = "abc.TableViewH-F";
				PRODUCT_NAME = "$(TARGET_NAME)";
				SWIFT_VERSION = 5.0;
				TARGETED_DEVICE_FAMILY = "1,2";
			};
			name = Debug;
		};
		86F1E518233C73F700C6F7A8 /* Release */ = {
			isa = XCBuildConfiguration;
			buildSettings = {
				ASSETCATALOG_COMPILER_APPICON_NAME = AppIcon;
				CODE_SIGN_STYLE = Automatic;
				INFOPLIST_FILE = "TableViewH&F/Info.plist";
				LD_RUNPATH_SEARCH_PATHS = (
					"$(inherited)",
					"@executable_path/Frameworks",
				);
				PRODUCT_BUNDLE_IDENTIFIER = "abc.TableViewH-F";
				PRODUCT_NAME = "$(TARGET_NAME)";
				SWIFT_VERSION = 5.0;
				TARGETED_DEVICE_FAMILY = "1,2";
			};
			name = Release;
		};
/* End XCBuildConfiguration section */

/* Begin XCConfigurationList section */
		86F1E4FF233C73F400C6F7A8 /* Build configuration list for PBXProject "TableViewH&F" */ = {
			isa = XCConfigurationList;
			buildConfigurations = (
				86F1E514233C73F700C6F7A8 /* Debug */,
				86F1E515233C73F700C6F7A8 /* Release */,
			);
			defaultConfigurationIsVisible = 0;
			defaultConfigurationName = Release;
		};
		86F1E516233C73F700C6F7A8 /* Build configuration list for PBXNativeTarget "TableViewH&F" */ = {
			isa = XCConfigurationList;
			buildConfigurations = (
				86F1E517233C73F700C6F7A8 /* Debug */,
				86F1E518233C73F700C6F7A8 /* Release */,
			);
			defaultConfigurationIsVisible = 0;
			defaultConfigurationName = Release;
		};
/* End XCConfigurationList section */
	};
	rootObject = 86F1E4FC233C73F400C6F7A8 /* Project object */;
}
